// !$*UTF8*$!
{
	archiveVersion = 1;
	classes = {
	};
	objectVersion = 55;
	objects = {

/* Begin PBXBuildFile section */
		933801D6287A8E290091F5E4 /* GroupConditionalView.swift in Sources */ = {isa = PBXBuildFile; fileRef = 933801D5287A8E290091F5E4 /* GroupConditionalView.swift */; };
		934734242893630700EE3BC1 /* AlertView.swift in Sources */ = {isa = PBXBuildFile; fileRef = 934734232893630700EE3BC1 /* AlertView.swift */; };
		934734262893655200EE3BC1 /* SheetView.swift in Sources */ = {isa = PBXBuildFile; fileRef = 934734252893655200EE3BC1 /* SheetView.swift */; };
		934734282893687E00EE3BC1 /* SegmentalView.swift in Sources */ = {isa = PBXBuildFile; fileRef = 934734272893687E00EE3BC1 /* SegmentalView.swift */; };
		9347342A28936B1C00EE3BC1 /* PickerView.swift in Sources */ = {isa = PBXBuildFile; fileRef = 9347342928936B1C00EE3BC1 /* PickerView.swift */; };
		9394B311286FE00A006546AB /* iSwiftUIApp.swift in Sources */ = {isa = PBXBuildFile; fileRef = 9394B310286FE00A006546AB /* iSwiftUIApp.swift */; };
		9394B313286FE00A006546AB /* ContentView.swift in Sources */ = {isa = PBXBuildFile; fileRef = 9394B312286FE00A006546AB /* ContentView.swift */; };
		9394B315286FE00A006546AB /* Assets.xcassets in Resources */ = {isa = PBXBuildFile; fileRef = 9394B314286FE00A006546AB /* Assets.xcassets */; };
		9394B318286FE00A006546AB /* Preview Assets.xcassets in Resources */ = {isa = PBXBuildFile; fileRef = 9394B317286FE00A006546AB /* Preview Assets.xcassets */; };
		9394B31F286FEBE0006546AB /* CascadiaCode.ttf in Resources */ = {isa = PBXBuildFile; fileRef = 9394B31E286FEBE0006546AB /* CascadiaCode.ttf */; };
		9394B322286FED20006546AB /* JetBrainsMono-Medium.ttf in Resources */ = {isa = PBXBuildFile; fileRef = 9394B321286FED20006546AB /* JetBrainsMono-Medium.ttf */; };
		939F9B002875168A00D8ECBA /* FrameView.swift in Sources */ = {isa = PBXBuildFile; fileRef = 939F9AFF2875168A00D8ECBA /* FrameView.swift */; };
		939F9B022875188200D8ECBA /* FontShapeBackgroundOverlayView.swift in Sources */ = {isa = PBXBuildFile; fileRef = 939F9B012875188200D8ECBA /* FontShapeBackgroundOverlayView.swift */; };
		939F9B04287534C200D8ECBA /* HstackVstackIntermediateView.swift in Sources */ = {isa = PBXBuildFile; fileRef = 939F9B03287534C200D8ECBA /* HstackVstackIntermediateView.swift */; };
		939F9B06287540E000D8ECBA /* IgnoreSafeAreaView.swift in Sources */ = {isa = PBXBuildFile; fileRef = 939F9B05287540E000D8ECBA /* IgnoreSafeAreaView.swift */; };
		939F9B082875420D00D8ECBA /* AssetsView.swift in Sources */ = {isa = PBXBuildFile; fileRef = 939F9B072875420D00D8ECBA /* AssetsView.swift */; };
		939F9B0A28754B9100D8ECBA /* CustomImageView.swift in Sources */ = {isa = PBXBuildFile; fileRef = 939F9B0928754B9000D8ECBA /* CustomImageView.swift */; };
		939F9B0C28754DCA00D8ECBA /* AppIconView.swift in Sources */ = {isa = PBXBuildFile; fileRef = 939F9B0B28754DCA00D8ECBA /* AppIconView.swift */; };
		939F9B0E28755F7B00D8ECBA /* SwiftSwiftUIView.swift in Sources */ = {isa = PBXBuildFile; fileRef = 939F9B0D28755F7B00D8ECBA /* SwiftSwiftUIView.swift */; };
		93A0C2D028911A5F007EC2A1 /* StateBindingView.swift in Sources */ = {isa = PBXBuildFile; fileRef = 93A0C2CF28911A5F007EC2A1 /* StateBindingView.swift */; };
		93A0C2D4289149FF007EC2A1 /* ToggleView.swift in Sources */ = {isa = PBXBuildFile; fileRef = 93A0C2D3289149FF007EC2A1 /* ToggleView.swift */; };
		93A0C2D628914C4A007EC2A1 /* TextFieldView.swift in Sources */ = {isa = PBXBuildFile; fileRef = 93A0C2D528914C4A007EC2A1 /* TextFieldView.swift */; };
		93B96DAE287DC17A0038DA63 /* ListFormView.swift in Sources */ = {isa = PBXBuildFile; fileRef = 93B96DAD287DC17A0038DA63 /* ListFormView.swift */; };
		93B96DB0287DE9E70038DA63 /* ForEachView.swift in Sources */ = {isa = PBXBuildFile; fileRef = 93B96DAF287DE9E70038DA63 /* ForEachView.swift */; };
		93B96DB2287E87A90038DA63 /* BasicEventsView.swift in Sources */ = {isa = PBXBuildFile; fileRef = 93B96DB1287E87A90038DA63 /* BasicEventsView.swift */; };
		93B96DB4287E8F4C0038DA63 /* SwiftUITipsView.swift in Sources */ = {isa = PBXBuildFile; fileRef = 93B96DB3287E8F4C0038DA63 /* SwiftUITipsView.swift */; };
		93CCB6DC28808F5D00D1E9A6 /* LabelView.swift in Sources */ = {isa = PBXBuildFile; fileRef = 93CCB6DB28808F5D00D1E9A6 /* LabelView.swift */; };
		93CCB6DE28813BF200D1E9A6 /* ButtonView.swift in Sources */ = {isa = PBXBuildFile; fileRef = 93CCB6DD28813BF200D1E9A6 /* ButtonView.swift */; };
		93CCBF4328838E030003934A /* Scroll_View.swift in Sources */ = {isa = PBXBuildFile; fileRef = 93CCBF4228838E030003934A /* Scroll_View.swift */; };
/* End PBXBuildFile section */

/* Begin PBXFileReference section */
		933801D5287A8E290091F5E4 /* GroupConditionalView.swift */ = {isa = PBXFileReference; lastKnownFileType = sourcecode.swift; path = GroupConditionalView.swift; sourceTree = "<group>"; };
		934734232893630700EE3BC1 /* AlertView.swift */ = {isa = PBXFileReference; lastKnownFileType = sourcecode.swift; path = AlertView.swift; sourceTree = "<group>"; };
		934734252893655200EE3BC1 /* SheetView.swift */ = {isa = PBXFileReference; lastKnownFileType = sourcecode.swift; path = SheetView.swift; sourceTree = "<group>"; };
		934734272893687E00EE3BC1 /* SegmentalView.swift */ = {isa = PBXFileReference; lastKnownFileType = sourcecode.swift; path = SegmentalView.swift; sourceTree = "<group>"; };
		9347342928936B1C00EE3BC1 /* PickerView.swift */ = {isa = PBXFileReference; lastKnownFileType = sourcecode.swift; path = PickerView.swift; sourceTree = "<group>"; };
		9394B30D286FE00A006546AB /* iSwiftUI.app */ = {isa = PBXFileReference; explicitFileType = wrapper.application; includeInIndex = 0; path = iSwiftUI.app; sourceTree = BUILT_PRODUCTS_DIR; };
		9394B310286FE00A006546AB /* iSwiftUIApp.swift */ = {isa = PBXFileReference; lastKnownFileType = sourcecode.swift; path = iSwiftUIApp.swift; sourceTree = "<group>"; };
		9394B312286FE00A006546AB /* ContentView.swift */ = {isa = PBXFileReference; lastKnownFileType = sourcecode.swift; path = ContentView.swift; sourceTree = "<group>"; };
		9394B314286FE00A006546AB /* Assets.xcassets */ = {isa = PBXFileReference; lastKnownFileType = folder.assetcatalog; path = Assets.xcassets; sourceTree = "<group>"; };
		9394B317286FE00A006546AB /* Preview Assets.xcassets */ = {isa = PBXFileReference; lastKnownFileType = folder.assetcatalog; path = "Preview Assets.xcassets"; sourceTree = "<group>"; };
		9394B31E286FEBE0006546AB /* CascadiaCode.ttf */ = {isa = PBXFileReference; lastKnownFileType = file; name = CascadiaCode.ttf; path = ../../../../../Users/alessandre/Library/Fonts/CascadiaCode.ttf; sourceTree = "<group>"; };
		9394B320286FEC1A006546AB /* Info.plist */ = {isa = PBXFileReference; lastKnownFileType = text.plist; path = Info.plist; sourceTree = "<group>"; };
		9394B321286FED20006546AB /* JetBrainsMono-Medium.ttf */ = {isa = PBXFileReference; lastKnownFileType = file; name = "JetBrainsMono-Medium.ttf"; path = "../../../../../Users/alessandre/Library/Fonts/JetBrainsMono-Medium.ttf"; sourceTree = "<group>"; };
		939F9AFF2875168A00D8ECBA /* FrameView.swift */ = {isa = PBXFileReference; lastKnownFileType = sourcecode.swift; path = FrameView.swift; sourceTree = "<group>"; };
		939F9B012875188200D8ECBA /* FontShapeBackgroundOverlayView.swift */ = {isa = PBXFileReference; lastKnownFileType = sourcecode.swift; path = FontShapeBackgroundOverlayView.swift; sourceTree = "<group>"; };
		939F9B03287534C200D8ECBA /* HstackVstackIntermediateView.swift */ = {isa = PBXFileReference; lastKnownFileType = sourcecode.swift; path = HstackVstackIntermediateView.swift; sourceTree = "<group>"; };
		939F9B05287540E000D8ECBA /* IgnoreSafeAreaView.swift */ = {isa = PBXFileReference; lastKnownFileType = sourcecode.swift; path = IgnoreSafeAreaView.swift; sourceTree = "<group>"; };
		939F9B072875420D00D8ECBA /* AssetsView.swift */ = {isa = PBXFileReference; lastKnownFileType = sourcecode.swift; path = AssetsView.swift; sourceTree = "<group>"; };
		939F9B0928754B9000D8ECBA /* CustomImageView.swift */ = {isa = PBXFileReference; lastKnownFileType = sourcecode.swift; path = CustomImageView.swift; sourceTree = "<group>"; };
		939F9B0B28754DCA00D8ECBA /* AppIconView.swift */ = {isa = PBXFileReference; lastKnownFileType = sourcecode.swift; path = AppIconView.swift; sourceTree = "<group>"; };
		939F9B0D28755F7B00D8ECBA /* SwiftSwiftUIView.swift */ = {isa = PBXFileReference; lastKnownFileType = sourcecode.swift; path = SwiftSwiftUIView.swift; sourceTree = "<group>"; };
		93A0C2CF28911A5F007EC2A1 /* StateBindingView.swift */ = {isa = PBXFileReference; lastKnownFileType = sourcecode.swift; path = StateBindingView.swift; sourceTree = "<group>"; };
		93A0C2D3289149FF007EC2A1 /* ToggleView.swift */ = {isa = PBXFileReference; lastKnownFileType = sourcecode.swift; path = ToggleView.swift; sourceTree = "<group>"; };
		93A0C2D528914C4A007EC2A1 /* TextFieldView.swift */ = {isa = PBXFileReference; lastKnownFileType = sourcecode.swift; path = TextFieldView.swift; sourceTree = "<group>"; };
		93B96DAD287DC17A0038DA63 /* ListFormView.swift */ = {isa = PBXFileReference; lastKnownFileType = sourcecode.swift; path = ListFormView.swift; sourceTree = "<group>"; };
		93B96DAF287DE9E70038DA63 /* ForEachView.swift */ = {isa = PBXFileReference; lastKnownFileType = sourcecode.swift; path = ForEachView.swift; sourceTree = "<group>"; };
		93B96DB1287E87A90038DA63 /* BasicEventsView.swift */ = {isa = PBXFileReference; lastKnownFileType = sourcecode.swift; path = BasicEventsView.swift; sourceTree = "<group>"; };
		93B96DB3287E8F4C0038DA63 /* SwiftUITipsView.swift */ = {isa = PBXFileReference; lastKnownFileType = sourcecode.swift; path = SwiftUITipsView.swift; sourceTree = "<group>"; };
		93CCB6DB28808F5D00D1E9A6 /* LabelView.swift */ = {isa = PBXFileReference; lastKnownFileType = sourcecode.swift; path = LabelView.swift; sourceTree = "<group>"; };
		93CCB6DD28813BF200D1E9A6 /* ButtonView.swift */ = {isa = PBXFileReference; lastKnownFileType = sourcecode.swift; path = ButtonView.swift; sourceTree = "<group>"; };
		93CCBF4228838E030003934A /* Scroll_View.swift */ = {isa = PBXFileReference; lastKnownFileType = sourcecode.swift; path = Scroll_View.swift; sourceTree = "<group>"; };
/* End PBXFileReference section */

/* Begin PBXFrameworksBuildPhase section */
		9394B30A286FE00A006546AB /* Frameworks */ = {
			isa = PBXFrameworksBuildPhase;
			buildActionMask = 2147483647;
			files = (
			);
			runOnlyForDeploymentPostprocessing = 0;
		};
/* End PBXFrameworksBuildPhase section */

/* Begin PBXGroup section */
		9394B304286FE00A006546AB = {
			isa = PBXGroup;
			children = (
				9394B30F286FE00A006546AB /* iSwiftUI */,
				9394B30E286FE00A006546AB /* Products */,
			);
			sourceTree = "<group>";
		};
		9394B30E286FE00A006546AB /* Products */ = {
			isa = PBXGroup;
			children = (
				9394B30D286FE00A006546AB /* iSwiftUI.app */,
			);
			name = Products;
			sourceTree = "<group>";
		};
		9394B30F286FE00A006546AB /* iSwiftUI */ = {
			isa = PBXGroup;
			children = (
				93E2614028792418008A6310 /* View */,
				9394B320286FEC1A006546AB /* Info.plist */,
				9394B31E286FEBE0006546AB /* CascadiaCode.ttf */,
				9394B321286FED20006546AB /* JetBrainsMono-Medium.ttf */,
				9394B310286FE00A006546AB /* iSwiftUIApp.swift */,
				9394B312286FE00A006546AB /* ContentView.swift */,
				9394B314286FE00A006546AB /* Assets.xcassets */,
				9394B316286FE00A006546AB /* Preview Content */,
			);
			path = iSwiftUI;
			sourceTree = "<group>";
		};
		9394B316286FE00A006546AB /* Preview Content */ = {
			isa = PBXGroup;
			children = (
				9394B317286FE00A006546AB /* Preview Assets.xcassets */,
			);
			path = "Preview Content";
			sourceTree = "<group>";
		};
		93E2614028792418008A6310 /* View */ = {
			isa = PBXGroup;
			children = (
				934734232893630700EE3BC1 /* AlertView.swift */,
				939F9B0B28754DCA00D8ECBA /* AppIconView.swift */,
				939F9B072875420D00D8ECBA /* AssetsView.swift */,
				93B96DB1287E87A90038DA63 /* BasicEventsView.swift */,
				93CCB6DD28813BF200D1E9A6 /* ButtonView.swift */,
				939F9B0928754B9000D8ECBA /* CustomImageView.swift */,
				939F9B012875188200D8ECBA /* FontShapeBackgroundOverlayView.swift */,
				93B96DAF287DE9E70038DA63 /* ForEachView.swift */,
				939F9AFF2875168A00D8ECBA /* FrameView.swift */,
				933801D5287A8E290091F5E4 /* GroupConditionalView.swift */,
				939F9B03287534C200D8ECBA /* HstackVstackIntermediateView.swift */,
				939F9B05287540E000D8ECBA /* IgnoreSafeAreaView.swift */,
				93CCB6DB28808F5D00D1E9A6 /* LabelView.swift */,
				93B96DAD287DC17A0038DA63 /* ListFormView.swift */,
				9347342928936B1C00EE3BC1 /* PickerView.swift */,
				93CCBF4228838E030003934A /* Scroll_View.swift */,
				934734272893687E00EE3BC1 /* SegmentalView.swift */,
				934734252893655200EE3BC1 /* SheetView.swift */,
				93A0C2CF28911A5F007EC2A1 /* StateBindingView.swift */,
				939F9B0D28755F7B00D8ECBA /* SwiftSwiftUIView.swift */,
				93B96DB3287E8F4C0038DA63 /* SwiftUITipsView.swift */,
				93A0C2D528914C4A007EC2A1 /* TextFieldView.swift */,
				93A0C2D3289149FF007EC2A1 /* ToggleView.swift */,
			);
			path = View;
			sourceTree = "<group>";
		};
/* End PBXGroup section */

/* Begin PBXNativeTarget section */
		9394B30C286FE00A006546AB /* iSwiftUI */ = {
			isa = PBXNativeTarget;
			buildConfigurationList = 9394B31B286FE00A006546AB /* Build configuration list for PBXNativeTarget "iSwiftUI" */;
			buildPhases = (
				9394B309286FE00A006546AB /* Sources */,
				9394B30A286FE00A006546AB /* Frameworks */,
				9394B30B286FE00A006546AB /* Resources */,
			);
			buildRules = (
			);
			dependencies = (
			);
			name = iSwiftUI;
			productName = Teste;
			productReference = 9394B30D286FE00A006546AB /* iSwiftUI.app */;
			productType = "com.apple.product-type.application";
		};
/* End PBXNativeTarget section */

/* Begin PBXProject section */
		9394B305286FE00A006546AB /* Project object */ = {
			isa = PBXProject;
			attributes = {
				BuildIndependentTargetsInParallel = 1;
				LastSwiftUpdateCheck = 1340;
				LastUpgradeCheck = 1340;
				TargetAttributes = {
					9394B30C286FE00A006546AB = {
						CreatedOnToolsVersion = 13.4.1;
					};
				};
			};
			buildConfigurationList = 9394B308286FE00A006546AB /* Build configuration list for PBXProject "iSwiftUI" */;
			compatibilityVersion = "Xcode 13.0";
			developmentRegion = en;
			hasScannedForEncodings = 0;
			knownRegions = (
				en,
				Base,
			);
			mainGroup = 9394B304286FE00A006546AB;
			productRefGroup = 9394B30E286FE00A006546AB /* Products */;
			projectDirPath = "";
			projectRoot = "";
			targets = (
				9394B30C286FE00A006546AB /* iSwiftUI */,
			);
		};
/* End PBXProject section */

/* Begin PBXResourcesBuildPhase section */
		9394B30B286FE00A006546AB /* Resources */ = {
			isa = PBXResourcesBuildPhase;
			buildActionMask = 2147483647;
			files = (
				9394B318286FE00A006546AB /* Preview Assets.xcassets in Resources */,
				9394B322286FED20006546AB /* JetBrainsMono-Medium.ttf in Resources */,
				9394B315286FE00A006546AB /* Assets.xcassets in Resources */,
				9394B31F286FEBE0006546AB /* CascadiaCode.ttf in Resources */,
			);
			runOnlyForDeploymentPostprocessing = 0;
		};
/* End PBXResourcesBuildPhase section */

/* Begin PBXSourcesBuildPhase section */
		9394B309286FE00A006546AB /* Sources */ = {
			isa = PBXSourcesBuildPhase;
			buildActionMask = 2147483647;
			files = (
				933801D6287A8E290091F5E4 /* GroupConditionalView.swift in Sources */,
				939F9B022875188200D8ECBA /* FontShapeBackgroundOverlayView.swift in Sources */,
				939F9B002875168A00D8ECBA /* FrameView.swift in Sources */,
				934734242893630700EE3BC1 /* AlertView.swift in Sources */,
				939F9B0C28754DCA00D8ECBA /* AppIconView.swift in Sources */,
				93CCB6DE28813BF200D1E9A6 /* ButtonView.swift in Sources */,
				939F9B0A28754B9100D8ECBA /* CustomImageView.swift in Sources */,
				93A0C2D028911A5F007EC2A1 /* StateBindingView.swift in Sources */,
				93CCB6DC28808F5D00D1E9A6 /* LabelView.swift in Sources */,
				934734282893687E00EE3BC1 /* SegmentalView.swift in Sources */,
				93A0C2D628914C4A007EC2A1 /* TextFieldView.swift in Sources */,
				93A0C2D4289149FF007EC2A1 /* ToggleView.swift in Sources */,
				934734262893655200EE3BC1 /* SheetView.swift in Sources */,
				93B96DB4287E8F4C0038DA63 /* SwiftUITipsView.swift in Sources */,
				939F9B082875420D00D8ECBA /* AssetsView.swift in Sources */,
				9394B313286FE00A006546AB /* ContentView.swift in Sources */,
				939F9B04287534C200D8ECBA /* HstackVstackIntermediateView.swift in Sources */,
				93B96DAE287DC17A0038DA63 /* ListFormView.swift in Sources */,
				9394B311286FE00A006546AB /* iSwiftUIApp.swift in Sources */,
				939F9B06287540E000D8ECBA /* IgnoreSafeAreaView.swift in Sources */,
				939F9B0E28755F7B00D8ECBA /* SwiftSwiftUIView.swift in Sources */,
				93B96DB2287E87A90038DA63 /* BasicEventsView.swift in Sources */,
				93B96DB0287DE9E70038DA63 /* ForEachView.swift in Sources */,
				9347342A28936B1C00EE3BC1 /* PickerView.swift in Sources */,
				93CCBF4328838E030003934A /* Scroll_View.swift in Sources */,
			);
			runOnlyForDeploymentPostprocessing = 0;
		};
/* End PBXSourcesBuildPhase section */

/* Begin XCBuildConfiguration section */
		9394B319286FE00A006546AB /* Debug */ = {
			isa = XCBuildConfiguration;
			buildSettings = {
				ALWAYS_SEARCH_USER_PATHS = NO;
				CLANG_ANALYZER_NONNULL = YES;
				CLANG_ANALYZER_NUMBER_OBJECT_CONVERSION = YES_AGGRESSIVE;
				CLANG_CXX_LANGUAGE_STANDARD = "gnu++17";
				CLANG_ENABLE_MODULES = YES;
				CLANG_ENABLE_OBJC_ARC = YES;
				CLANG_ENABLE_OBJC_WEAK = YES;
				CLANG_WARN_BLOCK_CAPTURE_AUTORELEASING = YES;
				CLANG_WARN_BOOL_CONVERSION = YES;
				CLANG_WARN_COMMA = YES;
				CLANG_WARN_CONSTANT_CONVERSION = YES;
				CLANG_WARN_DEPRECATED_OBJC_IMPLEMENTATIONS = YES;
				CLANG_WARN_DIRECT_OBJC_ISA_USAGE = YES_ERROR;
				CLANG_WARN_DOCUMENTATION_COMMENTS = YES;
				CLANG_WARN_EMPTY_BODY = YES;
				CLANG_WARN_ENUM_CONVERSION = YES;
				CLANG_WARN_INFINITE_RECURSION = YES;
				CLANG_WARN_INT_CONVERSION = YES;
				CLANG_WARN_NON_LITERAL_NULL_CONVERSION = YES;
				CLANG_WARN_OBJC_IMPLICIT_RETAIN_SELF = YES;
				CLANG_WARN_OBJC_LITERAL_CONVERSION = YES;
				CLANG_WARN_OBJC_ROOT_CLASS = YES_ERROR;
				CLANG_WARN_QUOTED_INCLUDE_IN_FRAMEWORK_HEADER = YES;
				CLANG_WARN_RANGE_LOOP_ANALYSIS = YES;
				CLANG_WARN_STRICT_PROTOTYPES = YES;
				CLANG_WARN_SUSPICIOUS_MOVE = YES;
				CLANG_WARN_UNGUARDED_AVAILABILITY = YES_AGGRESSIVE;
				CLANG_WARN_UNREACHABLE_CODE = YES;
				CLANG_WARN__DUPLICATE_METHOD_MATCH = YES;
				COPY_PHASE_STRIP = NO;
				DEBUG_INFORMATION_FORMAT = dwarf;
				ENABLE_STRICT_OBJC_MSGSEND = YES;
				ENABLE_TESTABILITY = YES;
				GCC_C_LANGUAGE_STANDARD = gnu11;
				GCC_DYNAMIC_NO_PIC = NO;
				GCC_NO_COMMON_BLOCKS = YES;
				GCC_OPTIMIZATION_LEVEL = 0;
				GCC_PREPROCESSOR_DEFINITIONS = (
					"DEBUG=1",
					"$(inherited)",
				);
				GCC_WARN_64_TO_32_BIT_CONVERSION = YES;
				GCC_WARN_ABOUT_RETURN_TYPE = YES_ERROR;
				GCC_WARN_UNDECLARED_SELECTOR = YES;
				GCC_WARN_UNINITIALIZED_AUTOS = YES_AGGRESSIVE;
				GCC_WARN_UNUSED_FUNCTION = YES;
				GCC_WARN_UNUSED_VARIABLE = YES;
				IPHONEOS_DEPLOYMENT_TARGET = 15.5;
				MTL_ENABLE_DEBUG_INFO = INCLUDE_SOURCE;
				MTL_FAST_MATH = YES;
				ONLY_ACTIVE_ARCH = YES;
				SDKROOT = iphoneos;
				SWIFT_ACTIVE_COMPILATION_CONDITIONS = DEBUG;
				SWIFT_OPTIMIZATION_LEVEL = "-Onone";
			};
			name = Debug;
		};
		9394B31A286FE00A006546AB /* Release */ = {
			isa = XCBuildConfiguration;
			buildSettings = {
				ALWAYS_SEARCH_USER_PATHS = NO;
				CLANG_ANALYZER_NONNULL = YES;
				CLANG_ANALYZER_NUMBER_OBJECT_CONVERSION = YES_AGGRESSIVE;
				CLANG_CXX_LANGUAGE_STANDARD = "gnu++17";
				CLANG_ENABLE_MODULES = YES;
				CLANG_ENABLE_OBJC_ARC = YES;
				CLANG_ENABLE_OBJC_WEAK = YES;
				CLANG_WARN_BLOCK_CAPTURE_AUTORELEASING = YES;
				CLANG_WARN_BOOL_CONVERSION = YES;
				CLANG_WARN_COMMA = YES;
				CLANG_WARN_CONSTANT_CONVERSION = YES;
				CLANG_WARN_DEPRECATED_OBJC_IMPLEMENTATIONS = YES;
				CLANG_WARN_DIRECT_OBJC_ISA_USAGE = YES_ERROR;
				CLANG_WARN_DOCUMENTATION_COMMENTS = YES;
				CLANG_WARN_EMPTY_BODY = YES;
				CLANG_WARN_ENUM_CONVERSION = YES;
				CLANG_WARN_INFINITE_RECURSION = YES;
				CLANG_WARN_INT_CONVERSION = YES;
				CLANG_WARN_NON_LITERAL_NULL_CONVERSION = YES;
				CLANG_WARN_OBJC_IMPLICIT_RETAIN_SELF = YES;
				CLANG_WARN_OBJC_LITERAL_CONVERSION = YES;
				CLANG_WARN_OBJC_ROOT_CLASS = YES_ERROR;
				CLANG_WARN_QUOTED_INCLUDE_IN_FRAMEWORK_HEADER = YES;
				CLANG_WARN_RANGE_LOOP_ANALYSIS = YES;
				CLANG_WARN_STRICT_PROTOTYPES = YES;
				CLANG_WARN_SUSPICIOUS_MOVE = YES;
				CLANG_WARN_UNGUARDED_AVAILABILITY = YES_AGGRESSIVE;
				CLANG_WARN_UNREACHABLE_CODE = YES;
				CLANG_WARN__DUPLICATE_METHOD_MATCH = YES;
				COPY_PHASE_STRIP = NO;
				DEBUG_INFORMATION_FORMAT = "dwarf-with-dsym";
				ENABLE_NS_ASSERTIONS = NO;
				ENABLE_STRICT_OBJC_MSGSEND = YES;
				GCC_C_LANGUAGE_STANDARD = gnu11;
				GCC_NO_COMMON_BLOCKS = YES;
				GCC_WARN_64_TO_32_BIT_CONVERSION = YES;
				GCC_WARN_ABOUT_RETURN_TYPE = YES_ERROR;
				GCC_WARN_UNDECLARED_SELECTOR = YES;
				GCC_WARN_UNINITIALIZED_AUTOS = YES_AGGRESSIVE;
				GCC_WARN_UNUSED_FUNCTION = YES;
				GCC_WARN_UNUSED_VARIABLE = YES;
				IPHONEOS_DEPLOYMENT_TARGET = 15.5;
				MTL_ENABLE_DEBUG_INFO = NO;
				MTL_FAST_MATH = YES;
				SDKROOT = iphoneos;
				SWIFT_COMPILATION_MODE = wholemodule;
				SWIFT_OPTIMIZATION_LEVEL = "-O";
				VALIDATE_PRODUCT = YES;
			};
			name = Release;
		};
		9394B31C286FE00A006546AB /* Debug */ = {
			isa = XCBuildConfiguration;
			buildSettings = {
				ASSETCATALOG_COMPILER_APPICON_NAME = AppIcon;
				ASSETCATALOG_COMPILER_GLOBAL_ACCENT_COLOR_NAME = AccentColor;
				CODE_SIGN_STYLE = Automatic;
				CURRENT_PROJECT_VERSION = 1;
				DEVELOPMENT_ASSET_PATHS = "\"iSwiftUI/Preview Content\"";
				DEVELOPMENT_TEAM = 4PQRRUMYY2;
				ENABLE_PREVIEWS = YES;
				GENERATE_INFOPLIST_FILE = YES;
				INFOPLIST_FILE = iSwiftUI/Info.plist;
				INFOPLIST_KEY_UIApplicationSceneManifest_Generation = YES;
				INFOPLIST_KEY_UIApplicationSupportsIndirectInputEvents = YES;
				INFOPLIST_KEY_UILaunchScreen_Generation = YES;
				INFOPLIST_KEY_UISupportedInterfaceOrientations_iPad = "UIInterfaceOrientationPortrait UIInterfaceOrientationPortraitUpsideDown UIInterfaceOrientationLandscapeLeft UIInterfaceOrientationLandscapeRight";
				INFOPLIST_KEY_UISupportedInterfaceOrientations_iPhone = "UIInterfaceOrientationPortrait UIInterfaceOrientationLandscapeLeft UIInterfaceOrientationLandscapeRight";
				LD_RUNPATH_SEARCH_PATHS = (
					"$(inherited)",
					"@executable_path/Frameworks",
				);
				MARKETING_VERSION = 1.0;
				PRODUCT_BUNDLE_IDENTIFIER = com.alessandre.iSwiftUI;
				PRODUCT_NAME = "$(TARGET_NAME)";
				SWIFT_EMIT_LOC_STRINGS = YES;
				SWIFT_VERSION = 5.0;
				TARGETED_DEVICE_FAMILY = 1;
			};
			name = Debug;
		};
		9394B31D286FE00A006546AB /* Release */ = {
			isa = XCBuildConfiguration;
			buildSettings = {
				ASSETCATALOG_COMPILER_APPICON_NAME = AppIcon;
				ASSETCATALOG_COMPILER_GLOBAL_ACCENT_COLOR_NAME = AccentColor;
				CODE_SIGN_STYLE = Automatic;
				CURRENT_PROJECT_VERSION = 1;
				DEVELOPMENT_ASSET_PATHS = "\"iSwiftUI/Preview Content\"";
				DEVELOPMENT_TEAM = 4PQRRUMYY2;
				ENABLE_PREVIEWS = YES;
				GENERATE_INFOPLIST_FILE = YES;
				INFOPLIST_FILE = iSwiftUI/Info.plist;
				INFOPLIST_KEY_UIApplicationSceneManifest_Generation = YES;
				INFOPLIST_KEY_UIApplicationSupportsIndirectInputEvents = YES;
				INFOPLIST_KEY_UILaunchScreen_Generation = YES;
				INFOPLIST_KEY_UISupportedInterfaceOrientations_iPad = "UIInterfaceOrientationPortrait UIInterfaceOrientationPortraitUpsideDown UIInterfaceOrientationLandscapeLeft UIInterfaceOrientationLandscapeRight";
				INFOPLIST_KEY_UISupportedInterfaceOrientations_iPhone = "UIInterfaceOrientationPortrait UIInterfaceOrientationLandscapeLeft UIInterfaceOrientationLandscapeRight";
				LD_RUNPATH_SEARCH_PATHS = (
					"$(inherited)",
					"@executable_path/Frameworks",
				);
				MARKETING_VERSION = 1.0;
				PRODUCT_BUNDLE_IDENTIFIER = com.alessandre.iSwiftUI;
				PRODUCT_NAME = "$(TARGET_NAME)";
				SWIFT_EMIT_LOC_STRINGS = YES;
				SWIFT_VERSION = 5.0;
				TARGETED_DEVICE_FAMILY = 1;
			};
			name = Release;
		};
/* End XCBuildConfiguration section */

/* Begin XCConfigurationList section */
		9394B308286FE00A006546AB /* Build configuration list for PBXProject "iSwiftUI" */ = {
			isa = XCConfigurationList;
			buildConfigurations = (
				9394B319286FE00A006546AB /* Debug */,
				9394B31A286FE00A006546AB /* Release */,
			);
			defaultConfigurationIsVisible = 0;
			defaultConfigurationName = Release;
		};
		9394B31B286FE00A006546AB /* Build configuration list for PBXNativeTarget "iSwiftUI" */ = {
			isa = XCConfigurationList;
			buildConfigurations = (
				9394B31C286FE00A006546AB /* Debug */,
				9394B31D286FE00A006546AB /* Release */,
			);
			defaultConfigurationIsVisible = 0;
			defaultConfigurationName = Release;
		};
/* End XCConfigurationList section */
	};
	rootObject = 9394B305286FE00A006546AB /* Project object */;
}
